
Microsoft Visual Studio Solution File, Format Version 12.00
# Visual Studio Version 16
VisualStudioVersion = 16.0.33130.400
MinimumVisualStudioVersion = 10.0.40219.1
Project("{FAE04EC0-301F-11D3-BF4B-00C04F79EFBC}") = "MinaWebp", "MinaWebp\MinaWebp.csproj", "{DE321502-3752-4214-8C95-1B270465C0DB}"
EndProject
Global
	GlobalSection(SolutionConfigurationPlatforms) = preSolution
		Debug|Any CPU = Debug|Any CPU
		Release|Any CPU = Release|Any CPU
	EndGlobalSection
	GlobalSection(ProjectConfigurationPlatforms) = postSolution
		{DE321502-3752-4214-8C95-1B270465C0DB}.Debug|Any CPU.ActiveCfg = Debug|Any CPU
		{DE321502-3752-4214-8C95-1B270465C0DB}.Debug|Any CPU.Build.0 = Debug|Any CPU
		{DE321502-3752-4214-8C95-1B270465C0DB}.Release|Any CPU.ActiveCfg = Release|Any CPU
		{DE321502-3752-4214-8C95-1B270465C0DB}.Release|Any CPU.Build.0 = Release|Any CPU
	EndGlobalSection
	GlobalSection(SolutionProperties) = preSolution
		HideSolutionNode = FALSE
	EndGlobalSection
	GlobalSection(ExtensibilityGlobals) = postSolution
		SolutionGuid = {FE66B2B8-A7EA-43B0-A15E-D31E1B01AA76}
	EndGlobalSection
EndGlobal
